{
  "version": 4,
  "terraform_version": "0.12.26",
  "serial": 34,
  "lineage": "476d9e1b-b41d-d48d-281b-bd22da4a01bf",
  "outputs": {},
  "resources": [
    {
      "mode": "managed",
      "type": "aws_vpc",
      "name": "myvpc",
      "provider": "provider.aws",
      "instances": [
        {
          "schema_version": 1,
          "attributes": {
            "arn": "arn:aws:ec2:us-west-2:168470085035:vpc/vpc-05dbd55e4eb957eee",
            "assign_generated_ipv6_cidr_block": false,
            "cidr_block": "10.0.0.0/24",
            "default_network_acl_id": "acl-068a2386ed9b2a000",
            "default_route_table_id": "rtb-0845124b2f04544de",
            "default_security_group_id": "sg-087935414d576965c",
            "dhcp_options_id": "dopt-a3b920c6",
            "enable_classiclink": false,
            "enable_classiclink_dns_support": false,
            "enable_dns_hostnames": false,
            "enable_dns_support": true,
            "id": "vpc-05dbd55e4eb957eee",
            "instance_tenancy": "default",
            "ipv6_association_id": "",
            "ipv6_cidr_block": "",
            "main_route_table_id": "rtb-0845124b2f04544de",
            "owner_id": "168470085035",
            "tags": {
              "Name": "my_vpc"
            },
            "tags_all": {
              "Name": "my_vpc"
            }
          },
          "private": "eyJzY2hlbWFfdmVyc2lvbiI6IjEifQ=="
        }
      ]
    }
  ]
}
